[[package]]
name = "click"
version = "8.0.3"
description = "Composable command line interface toolkit"
category = "main"
optional = false
python-versions = ">=3.6"

[package.dependencies]
colorama = {version = "*", markers = "platform_system == \"Windows\""}
importlib-metadata = {version = "*", markers = "python_version < \"3.8\""}

[[package]]
name = "colorama"
version = "0.4.4"
description = "Cross-platform colored terminal text."
category = "main"
optional = false
python-versions = ">=2.7, !=3.0.*, !=3.1.*, !=3.2.*, !=3.3.*, !=3.4.*"

[[package]]
name = "importlib-metadata"
version = "4.10.1"
description = "Read metadata from Python packages"
category = "main"
optional = false
python-versions = ">=3.7"

[package.dependencies]
typing-extensions = {version = ">=3.6.4", markers = "python_version < \"3.8\""}
zipp = ">=0.5"

[package.extras]
docs = ["sphinx", "jaraco.packaging (>=8.2)", "rst.linker (>=1.9)"]
perf = ["ipython"]
testing = ["pytest (>=6)", "pytest-checkdocs (>=2.4)", "pytest-flake8", "pytest-cov", "pytest-enabler (>=1.0.1)", "packaging", "pyfakefs", "flufl.flake8", "pytest-perf (>=0.9.2)", "pytest-black (>=0.3.7)", "pytest-mypy", "importlib-resources (>=1.3)"]

[[package]]
name = "joblib"
version = "1.1.0"
description = "Lightweight pipelining with Python functions"
category = "main"
optional = false
python-versions = ">=3.6"

[[package]]
name = "nltk"
version = "3.6.7"
description = "Natural Language Toolkit"
category = "main"
optional = false
python-versions = ">=3.6"

[package.dependencies]
click = "*"
joblib = "*"
regex = ">=2021.8.3"
tqdm = "*"

[package.extras]
all = ["matplotlib", "numpy", "pyparsing", "python-crfsuite", "requests", "scikit-learn", "scipy", "twython"]
corenlp = ["requests"]
machine_learning = ["numpy", "python-crfsuite", "scikit-learn", "scipy"]
plot = ["matplotlib"]
tgrep = ["pyparsing"]
twitter = ["twython"]

[[package]]
name = "numpy"
version = "1.21.1"
description = "NumPy is the fundamental package for array computing with Python."
category = "main"
optional = false
python-versions = ">=3.7"

[[package]]
name = "regex"
version = "2022.1.18"
description = "Alternative regular expression module, to replace re."
category = "main"
optional = false
python-versions = "*"

[[package]]
name = "scikit-learn"
version = "1.0.2"
description = "A set of python modules for machine learning and data mining"
category = "main"
optional = false
python-versions = ">=3.7"

[package.dependencies]
joblib = ">=0.11"
numpy = ">=1.14.6"
scipy = ">=1.1.0"
threadpoolctl = ">=2.0.0"

[package.extras]
benchmark = ["matplotlib (>=2.2.3)", "pandas (>=0.25.0)", "memory-profiler (>=0.57.0)"]
docs = ["matplotlib (>=2.2.3)", "scikit-image (>=0.14.5)", "pandas (>=0.25.0)", "seaborn (>=0.9.0)", "memory-profiler (>=0.57.0)", "sphinx (>=4.0.1)", "sphinx-gallery (>=0.7.0)", "numpydoc (>=1.0.0)", "Pillow (>=7.1.2)", "sphinx-prompt (>=1.3.0)", "sphinxext-opengraph (>=0.4.2)"]
examples = ["matplotlib (>=2.2.3)", "scikit-image (>=0.14.5)", "pandas (>=0.25.0)", "seaborn (>=0.9.0)"]
tests = ["matplotlib (>=2.2.3)", "scikit-image (>=0.14.5)", "pandas (>=0.25.0)", "pytest (>=5.0.1)", "pytest-cov (>=2.9.0)", "flake8 (>=3.8.2)", "black (>=21.6b0)", "mypy (>=0.770)", "pyamg (>=4.0.0)"]

[[package]]
name = "scikit-surprise"
version = "1.1.1"
description = "An easy-to-use library for recommender systems."
category = "main"
optional = false
python-versions = "*"

[package.dependencies]
joblib = ">=0.11"
numpy = ">=1.11.2"
scipy = ">=1.0.0"
six = ">=1.10.0"

[[package]]
name = "scipy"
version = "1.6.1"
description = "SciPy: Scientific Library for Python"
category = "main"
optional = false
python-versions = ">=3.7"

[package.dependencies]
numpy = ">=1.16.5"

[[package]]
name = "six"
version = "1.16.0"
description = "Python 2 and 3 compatibility utilities"
category = "main"
optional = false
python-versions = ">=2.7, !=3.0.*, !=3.1.*, !=3.2.*"

[[package]]
name = "sklearn"
version = "0.0"
description = "A set of python modules for machine learning and data mining"
category = "main"
optional = false
python-versions = "*"

[package.dependencies]
scikit-learn = "*"

[[package]]
name = "threadpoolctl"
version = "3.1.0"
description = "threadpoolctl"
category = "main"
optional = false
python-versions = ">=3.6"

[[package]]
name = "tqdm"
version = "4.62.3"
description = "Fast, Extensible Progress Meter"
category = "main"
optional = false
python-versions = "!=3.0.*,!=3.1.*,!=3.2.*,!=3.3.*,>=2.7"

[package.dependencies]
colorama = {version = "*", markers = "platform_system == \"Windows\""}

[package.extras]
dev = ["py-make (>=0.1.0)", "twine", "wheel"]
notebook = ["ipywidgets (>=6)"]
telegram = ["requests"]

[[package]]
name = "typing-extensions"
version = "4.0.1"
description = "Backported and Experimental Type Hints for Python 3.6+"
category = "main"
optional = false
python-versions = ">=3.6"

[[package]]
name = "zipp"
version = "3.7.0"
description = "Backport of pathlib-compatible object wrapper for zip files"
category = "main"
optional = false
python-versions = ">=3.7"

[package.extras]
docs = ["sphinx", "jaraco.packaging (>=8.2)", "rst.linker (>=1.9)"]
testing = ["pytest (>=6)", "pytest-checkdocs (>=2.4)", "pytest-flake8", "pytest-cov", "pytest-enabler (>=1.0.1)", "jaraco.itertools", "func-timeout", "pytest-black (>=0.3.7)", "pytest-mypy"]

[metadata]
lock-version = "1.1"
python-versions = "^3.7"
content-hash = "3573332feecbab6f37661975b1de8a839a52384dac9c4ce3b138baf8ec0ad41b"

[metadata.files]
click = [
    {file = "click-8.0.3-py3-none-any.whl", hash = "sha256:353f466495adaeb40b6b5f592f9f91cb22372351c84caeb068132442a4518ef3"},
    {file = "click-8.0.3.tar.gz", hash = "sha256:410e932b050f5eed773c4cda94de75971c89cdb3155a72a0831139a79e5ecb5b"},
]
colorama = [
    {file = "colorama-0.4.4-py2.py3-none-any.whl", hash = "sha256:9f47eda37229f68eee03b24b9748937c7dc3868f906e8ba69fbcbdd3bc5dc3e2"},
    {file = "colorama-0.4.4.tar.gz", hash = "sha256:5941b2b48a20143d2267e95b1c2a7603ce057ee39fd88e7329b0c292aa16869b"},
]
importlib-metadata = [
    {file = "importlib_metadata-4.10.1-py3-none-any.whl", hash = "sha256:899e2a40a8c4a1aec681feef45733de8a6c58f3f6a0dbed2eb6574b4387a77b6"},
    {file = "importlib_metadata-4.10.1.tar.gz", hash = "sha256:951f0d8a5b7260e9db5e41d429285b5f451e928479f19d80818878527d36e95e"},
]
joblib = [
    {file = "joblib-1.1.0-py2.py3-none-any.whl", hash = "sha256:f21f109b3c7ff9d95f8387f752d0d9c34a02aa2f7060c2135f465da0e5160ff6"},
    {file = "joblib-1.1.0.tar.gz", hash = "sha256:4158fcecd13733f8be669be0683b96ebdbbd38d23559f54dca7205aea1bf1e35"},
]
nltk = [
    {file = "nltk-3.6.7-py3-none-any.whl", hash = "sha256:22e97be5d6c784d93a52d17860515cc50c5cfcc620b1f5c3747765041255a01e"},
    {file = "nltk-3.6.7.zip", hash = "sha256:51bf1aef5304740a708be7c8e683f7798f03dc5c7a7e7feb758be9e95f4585e3"},
]
numpy = [
    {file = "numpy-1.21.1-cp37-cp37m-macosx_10_9_x86_64.whl", hash = "sha256:38e8648f9449a549a7dfe8d8755a5979b45b3538520d1e735637ef28e8c2dc50"},
    {file = "numpy-1.21.1-cp37-cp37m-manylinux_2_12_i686.manylinux2010_i686.whl", hash = "sha256:fd7d7409fa643a91d0a05c7554dd68aa9c9bb16e186f6ccfe40d6e003156e33a"},
    {file = "numpy-1.21.1-cp37-cp37m-manylinux_2_12_x86_64.manylinux2010_x86_64.whl", hash = "sha256:a75b4498b1e93d8b700282dc8e655b8bd559c0904b3910b144646dbbbc03e062"},
    {file = "numpy-1.21.1-cp37-cp37m-manylinux_2_17_aarch64.manylinux2014_aarch64.whl", hash = "sha256:1412aa0aec3e00bc23fbb8664d76552b4efde98fb71f60737c83efbac24112f1"},
    {file = "numpy-1.21.1-cp37-cp37m-manylinux_2_5_i686.manylinux1_i686.whl", hash = "sha256:e46ceaff65609b5399163de5893d8f2a82d3c77d5e56d976c8b5fb01faa6b671"},
    {file = "numpy-1.21.1-cp37-cp37m-manylinux_2_5_x86_64.manylinux1_x86_64.whl", hash = "sha256:c6a2324085dd52f96498419ba95b5777e40b6bcbc20088fddb9e8cbb58885e8e"},
    {file = "numpy-1.21.1-cp37-cp37m-win32.whl", hash = "sha256:73101b2a1fef16602696d133db402a7e7586654682244344b8329cdcbbb82172"},
    {file = "numpy-1.21.1-cp37-cp37m-win_amd64.whl", hash = "sha256:7a708a79c9a9d26904d1cca8d383bf869edf6f8e7650d85dbc77b041e8c5a0f8"},
    {file = "numpy-1.21.1-cp38-cp38-macosx_10_9_universal2.whl", hash = "sha256:95b995d0c413f5d0428b3f880e8fe1660ff9396dcd1f9eedbc311f37b5652e16"},
    {file = "numpy-1.21.1-cp38-cp38-macosx_10_9_x86_64.whl", hash = "sha256:635e6bd31c9fb3d475c8f44a089569070d10a9ef18ed13738b03049280281267"},
    {file = "numpy-1.21.1-cp38-cp38-macosx_11_0_arm64.whl", hash = "sha256:4a3d5fb89bfe21be2ef47c0614b9c9c707b7362386c9a3ff1feae63e0267ccb6"},
    {file = "numpy-1.21.1-cp38-cp38-manylinux_2_12_i686.manylinux2010_i686.whl", hash = "sha256:8a326af80e86d0e9ce92bcc1e65c8ff88297de4fa14ee936cb2293d414c9ec63"},
    {file = "numpy-1.21.1-cp38-cp38-manylinux_2_12_x86_64.manylinux2010_x86_64.whl", hash = "sha256:791492091744b0fe390a6ce85cc1bf5149968ac7d5f0477288f78c89b385d9af"},
    {file = "numpy-1.21.1-cp38-cp38-manylinux_2_17_aarch64.manylinux2014_aarch64.whl", hash = "sha256:0318c465786c1f63ac05d7c4dbcecd4d2d7e13f0959b01b534ea1e92202235c5"},
    {file = "numpy-1.21.1-cp38-cp38-manylinux_2_5_i686.manylinux1_i686.whl", hash = "sha256:9a513bd9c1551894ee3d31369f9b07460ef223694098cf27d399513415855b68"},
    {file = "numpy-1.21.1-cp38-cp38-manylinux_2_5_x86_64.manylinux1_x86_64.whl", hash = "sha256:91c6f5fc58df1e0a3cc0c3a717bb3308ff850abdaa6d2d802573ee2b11f674a8"},
    {file = "numpy-1.21.1-cp38-cp38-win32.whl", hash = "sha256:978010b68e17150db8765355d1ccdd450f9fc916824e8c4e35ee620590e234cd"},
    {file = "numpy-1.21.1-cp38-cp38-win_amd64.whl", hash = "sha256:9749a40a5b22333467f02fe11edc98f022133ee1bfa8ab99bda5e5437b831214"},
    {file = "numpy-1.21.1-cp39-cp39-macosx_10_9_universal2.whl", hash = "sha256:d7a4aeac3b94af92a9373d6e77b37691b86411f9745190d2c351f410ab3a791f"},
    {file = "numpy-1.21.1-cp39-cp39-macosx_10_9_x86_64.whl", hash = "sha256:d9e7912a56108aba9b31df688a4c4f5cb0d9d3787386b87d504762b6754fbb1b"},
    {file = "numpy-1.21.1-cp39-cp39-macosx_11_0_arm64.whl", hash = "sha256:25b40b98ebdd272bc3020935427a4530b7d60dfbe1ab9381a39147834e985eac"},
    {file = "numpy-1.21.1-cp39-cp39-manylinux_2_12_i686.manylinux2010_i686.whl", hash = "sha256:8a92c5aea763d14ba9d6475803fc7904bda7decc2a0a68153f587ad82941fec1"},
    {file = "numpy-1.21.1-cp39-cp39-manylinux_2_12_x86_64.manylinux2010_x86_64.whl", hash = "sha256:05a0f648eb28bae4bcb204e6fd14603de2908de982e761a2fc78efe0f19e96e1"},
    {file = "numpy-1.21.1-cp39-cp39-manylinux_2_17_aarch64.manylinux2014_aarch64.whl", hash = "sha256:f01f28075a92eede918b965e86e8f0ba7b7797a95aa8d35e1cc8821f5fc3ad6a"},
    {file = "numpy-1.21.1-cp39-cp39-win32.whl", hash = "sha256:88c0b89ad1cc24a5efbb99ff9ab5db0f9a86e9cc50240177a571fbe9c2860ac2"},
    {file = "numpy-1.21.1-cp39-cp39-win_amd64.whl", hash = "sha256:01721eefe70544d548425a07c80be8377096a54118070b8a62476866d5208e33"},
    {file = "numpy-1.21.1-pp37-pypy37_pp73-manylinux_2_12_x86_64.manylinux2010_x86_64.whl", hash = "sha256:2d4d1de6e6fb3d28781c73fbde702ac97f03d79e4ffd6598b880b2d95d62ead4"},
    {file = "numpy-1.21.1.zip", hash = "sha256:dff4af63638afcc57a3dfb9e4b26d434a7a602d225b42d746ea7fe2edf1342fd"},
]
regex = [
    {file = "regex-2022.1.18-cp310-cp310-macosx_10_9_x86_64.whl", hash = "sha256:34316bf693b1d2d29c087ee7e4bb10cdfa39da5f9c50fa15b07489b4ab93a1b5"},
    {file = "regex-2022.1.18-cp310-cp310-macosx_11_0_arm64.whl", hash = "sha256:7a0b9f6a1a15d494b35f25ed07abda03209fa76c33564c09c9e81d34f4b919d7"},
    {file = "regex-2022.1.18-cp310-cp310-manylinux_2_17_aarch64.manylinux2014_aarch64.whl", hash = "sha256:f99112aed4fb7cee00c7f77e8b964a9b10f69488cdff626ffd797d02e2e4484f"},
    {file = "regex-2022.1.18-cp310-cp310-manylinux_2_17_ppc64le.manylinux2014_ppc64le.whl", hash = "sha256:9a2bf98ac92f58777c0fafc772bf0493e67fcf677302e0c0a630ee517a43b949"},
    {file = "regex-2022.1.18-cp310-cp310-manylinux_2_17_s390x.manylinux2014_s390x.whl", hash = "sha256:8618d9213a863c468a865e9d2ec50221015f7abf52221bc927152ef26c484b4c"},
    {file = "regex-2022.1.18-cp310-cp310-manylinux_2_17_x86_64.manylinux2014_x86_64.whl", hash = "sha256:b52cc45e71657bc4743a5606d9023459de929b2a198d545868e11898ba1c3f59"},
    {file = "regex-2022.1.18-cp310-cp310-manylinux_2_5_i686.manylinux1_i686.manylinux_2_17_i686.manylinux2014_i686.whl", hash = "sha256:7e12949e5071c20ec49ef00c75121ed2b076972132fc1913ddf5f76cae8d10b4"},
    {file = "regex-2022.1.18-cp310-cp310-manylinux_2_5_x86_64.manylinux1_x86_64.manylinux_2_12_x86_64.manylinux2010_x86_64.whl", hash = "sha256:b02e3e72665cd02afafb933453b0c9f6c59ff6e3708bd28d0d8580450e7e88af"},
    {file = "regex-2022.1.18-cp310-cp310-musllinux_1_1_aarch64.whl", hash = "sha256:abfcb0ef78df0ee9df4ea81f03beea41849340ce33a4c4bd4dbb99e23ec781b6"},
    {file = "regex-2022.1.18-cp310-cp310-musllinux_1_1_i686.whl", hash = "sha256:6213713ac743b190ecbf3f316d6e41d099e774812d470422b3a0f137ea635832"},
    {file = "regex-2022.1.18-cp310-cp310-musllinux_1_1_ppc64le.whl", hash = "sha256:61ebbcd208d78658b09e19c78920f1ad38936a0aa0f9c459c46c197d11c580a0"},
    {file = "regex-2022.1.18-cp310-cp310-musllinux_1_1_s390x.whl", hash = "sha256:b013f759cd69cb0a62de954d6d2096d648bc210034b79b1881406b07ed0a83f9"},
    {file = "regex-2022.1.18-cp310-cp310-musllinux_1_1_x86_64.whl", hash = "sha256:9187500d83fd0cef4669385cbb0961e227a41c0c9bc39219044e35810793edf7"},
    {file = "regex-2022.1.18-cp310-cp310-win32.whl", hash = "sha256:94c623c331a48a5ccc7d25271399aff29729fa202c737ae3b4b28b89d2b0976d"},
    {file = "regex-2022.1.18-cp310-cp310-win_amd64.whl", hash = "sha256:1a171eaac36a08964d023eeff740b18a415f79aeb212169080c170ec42dd5184"},
    {file = "regex-2022.1.18-cp36-cp36m-macosx_10_9_x86_64.whl", hash = "sha256:49810f907dfe6de8da5da7d2b238d343e6add62f01a15d03e2195afc180059ed"},
    {file = "regex-2022.1.18-cp36-cp36m-manylinux_2_17_aarch64.manylinux2014_aarch64.whl", hash = "sha256:0d2f5c3f7057530afd7b739ed42eb04f1011203bc5e4663e1e1d01bb50f813e3"},
    {file = "regex-2022.1.18-cp36-cp36m-manylinux_2_17_ppc64le.manylinux2014_ppc64le.whl", hash = "sha256:85ffd6b1cb0dfb037ede50ff3bef80d9bf7fa60515d192403af6745524524f3b"},
    {file = "regex-2022.1.18-cp36-cp36m-manylinux_2_17_s390x.manylinux2014_s390x.whl", hash = "sha256:ba37f11e1d020969e8a779c06b4af866ffb6b854d7229db63c5fdddfceaa917f"},
    {file = "regex-2022.1.18-cp36-cp36m-manylinux_2_17_x86_64.manylinux2014_x86_64.whl", hash = "sha256:637e27ea1ebe4a561db75a880ac659ff439dec7f55588212e71700bb1ddd5af9"},
    {file = "regex-2022.1.18-cp36-cp36m-manylinux_2_5_i686.manylinux1_i686.manylinux_2_17_i686.manylinux2014_i686.whl", hash = "sha256:37978254d9d00cda01acc1997513f786b6b971e57b778fbe7c20e30ae81a97f3"},
    {file = "regex-2022.1.18-cp36-cp36m-manylinux_2_5_x86_64.manylinux1_x86_64.manylinux_2_12_x86_64.manylinux2010_x86_64.whl", hash = "sha256:e54a1eb9fd38f2779e973d2f8958fd575b532fe26013405d1afb9ee2374e7ab8"},
    {file = "regex-2022.1.18-cp36-cp36m-musllinux_1_1_aarch64.whl", hash = "sha256:768632fd8172ae03852e3245f11c8a425d95f65ff444ce46b3e673ae5b057b74"},
    {file = "regex-2022.1.18-cp36-cp36m-musllinux_1_1_i686.whl", hash = "sha256:de2923886b5d3214be951bc2ce3f6b8ac0d6dfd4a0d0e2a4d2e5523d8046fdfb"},
    {file = "regex-2022.1.18-cp36-cp36m-musllinux_1_1_ppc64le.whl", hash = "sha256:1333b3ce73269f986b1fa4d5d395643810074dc2de5b9d262eb258daf37dc98f"},
    {file = "regex-2022.1.18-cp36-cp36m-musllinux_1_1_s390x.whl", hash = "sha256:d19a34f8a3429bd536996ad53597b805c10352a8561d8382e05830df389d2b43"},
    {file = "regex-2022.1.18-cp36-cp36m-musllinux_1_1_x86_64.whl", hash = "sha256:8d2f355a951f60f0843f2368b39970e4667517e54e86b1508e76f92b44811a8a"},
    {file = "regex-2022.1.18-cp36-cp36m-win32.whl", hash = "sha256:2245441445099411b528379dee83e56eadf449db924648e5feb9b747473f42e3"},
    {file = "regex-2022.1.18-cp36-cp36m-win_amd64.whl", hash = "sha256:25716aa70a0d153cd844fe861d4f3315a6ccafce22b39d8aadbf7fcadff2b633"},
    {file = "regex-2022.1.18-cp37-cp37m-macosx_10_9_x86_64.whl", hash = "sha256:7e070d3aef50ac3856f2ef5ec7214798453da878bb5e5a16c16a61edf1817cc3"},
    {file = "regex-2022.1.18-cp37-cp37m-manylinux_2_17_aarch64.manylinux2014_aarch64.whl", hash = "sha256:22709d701e7037e64dae2a04855021b62efd64a66c3ceed99dfd684bfef09e38"},
    {file = "regex-2022.1.18-cp37-cp37m-manylinux_2_17_ppc64le.manylinux2014_ppc64le.whl", hash = "sha256:c9099bf89078675c372339011ccfc9ec310310bf6c292b413c013eb90ffdcafc"},
    {file = "regex-2022.1.18-cp37-cp37m-manylinux_2_17_s390x.manylinux2014_s390x.whl", hash = "sha256:04611cc0f627fc4a50bc4a9a2e6178a974c6a6a4aa9c1cca921635d2c47b9c87"},
    {file = "regex-2022.1.18-cp37-cp37m-manylinux_2_17_x86_64.manylinux2014_x86_64.whl", hash = "sha256:552a39987ac6655dad4bf6f17dd2b55c7b0c6e949d933b8846d2e312ee80005a"},
    {file = "regex-2022.1.18-cp37-cp37m-manylinux_2_5_i686.manylinux1_i686.manylinux_2_17_i686.manylinux2014_i686.whl", hash = "sha256:1e031899cb2bc92c0cf4d45389eff5b078d1936860a1be3aa8c94fa25fb46ed8"},
    {file = "regex-2022.1.18-cp37-cp37m-manylinux_2_5_x86_64.manylinux1_x86_64.manylinux_2_12_x86_64.manylinux2010_x86_64.whl", hash = "sha256:2dacb3dae6b8cc579637a7b72f008bff50a94cde5e36e432352f4ca57b9e54c4"},
    {file = "regex-2022.1.18-cp37-cp37m-musllinux_1_1_aarch64.whl", hash = "sha256:e5c31d70a478b0ca22a9d2d76d520ae996214019d39ed7dd93af872c7f301e52"},
    {file = "regex-2022.1.18-cp37-cp37m-musllinux_1_1_i686.whl", hash = "sha256:bb804c7d0bfbd7e3f33924ff49757de9106c44e27979e2492819c16972ec0da2"},
    {file = "regex-2022.1.18-cp37-cp37m-musllinux_1_1_ppc64le.whl", hash = "sha256:36b2d700a27e168fa96272b42d28c7ac3ff72030c67b32f37c05616ebd22a202"},
    {file = "regex-2022.1.18-cp37-cp37m-musllinux_1_1_s390x.whl", hash = "sha256:16f81025bb3556eccb0681d7946e2b35ff254f9f888cff7d2120e8826330315c"},
    {file = "regex-2022.1.18-cp37-cp37m-musllinux_1_1_x86_64.whl", hash = "sha256:da80047524eac2acf7c04c18ac7a7da05a9136241f642dd2ed94269ef0d0a45a"},
    {file = "regex-2022.1.18-cp37-cp37m-win32.whl", hash = "sha256:6ca45359d7a21644793de0e29de497ef7f1ae7268e346c4faf87b421fea364e6"},
    {file = "regex-2022.1.18-cp37-cp37m-win_amd64.whl", hash = "sha256:38289f1690a7e27aacd049e420769b996826f3728756859420eeee21cc857118"},
    {file = "regex-2022.1.18-cp38-cp38-macosx_10_9_x86_64.whl", hash = "sha256:6014038f52b4b2ac1fa41a58d439a8a00f015b5c0735a0cd4b09afe344c94899"},
    {file = "regex-2022.1.18-cp38-cp38-macosx_11_0_arm64.whl", hash = "sha256:0b5d6f9aed3153487252d00a18e53f19b7f52a1651bc1d0c4b5844bc286dfa52"},
    {file = "regex-2022.1.18-cp38-cp38-manylinux_2_17_aarch64.manylinux2014_aarch64.whl", hash = "sha256:a9d24b03daf7415f78abc2d25a208f234e2c585e5e6f92f0204d2ab7b9ab48e3"},
    {file = "regex-2022.1.18-cp38-cp38-manylinux_2_17_ppc64le.manylinux2014_ppc64le.whl", hash = "sha256:bf594cc7cc9d528338d66674c10a5b25e3cde7dd75c3e96784df8f371d77a298"},
    {file = "regex-2022.1.18-cp38-cp38-manylinux_2_17_s390x.manylinux2014_s390x.whl", hash = "sha256:fd914db437ec25bfa410f8aa0aa2f3ba87cdfc04d9919d608d02330947afaeab"},
    {file = "regex-2022.1.18-cp38-cp38-manylinux_2_17_x86_64.manylinux2014_x86_64.whl", hash = "sha256:90b6840b6448203228a9d8464a7a0d99aa8fa9f027ef95fe230579abaf8a6ee1"},
    {file = "regex-2022.1.18-cp38-cp38-manylinux_2_5_i686.manylinux1_i686.manylinux_2_17_i686.manylinux2014_i686.whl", hash = "sha256:11772be1eb1748e0e197a40ffb82fb8fd0d6914cd147d841d9703e2bef24d288"},
    {file = "regex-2022.1.18-cp38-cp38-manylinux_2_5_x86_64.manylinux1_x86_64.manylinux_2_12_x86_64.manylinux2010_x86_64.whl", hash = "sha256:a602bdc8607c99eb5b391592d58c92618dcd1537fdd87df1813f03fed49957a6"},
    {file = "regex-2022.1.18-cp38-cp38-musllinux_1_1_aarch64.whl", hash = "sha256:7e26eac9e52e8ce86f915fd33380f1b6896a2b51994e40bb094841e5003429b4"},
    {file = "regex-2022.1.18-cp38-cp38-musllinux_1_1_i686.whl", hash = "sha256:519c0b3a6fbb68afaa0febf0d28f6c4b0a1074aefc484802ecb9709faf181607"},
    {file = "regex-2022.1.18-cp38-cp38-musllinux_1_1_ppc64le.whl", hash = "sha256:3c7ea86b9ca83e30fa4d4cd0eaf01db3ebcc7b2726a25990966627e39577d729"},
    {file = "regex-2022.1.18-cp38-cp38-musllinux_1_1_s390x.whl", hash = "sha256:51f02ca184518702975b56affde6c573ebad4e411599005ce4468b1014b4786c"},
    {file = "regex-2022.1.18-cp38-cp38-musllinux_1_1_x86_64.whl", hash = "sha256:385ccf6d011b97768a640e9d4de25412204fbe8d6b9ae39ff115d4ff03f6fe5d"},
    {file = "regex-2022.1.18-cp38-cp38-win32.whl", hash = "sha256:1f8c0ae0a0de4e19fddaaff036f508db175f6f03db318c80bbc239a1def62d02"},
    {file = "regex-2022.1.18-cp38-cp38-win_amd64.whl", hash = "sha256:760c54ad1b8a9b81951030a7e8e7c3ec0964c1cb9fee585a03ff53d9e531bb8e"},
    {file = "regex-2022.1.18-cp39-cp39-macosx_10_9_x86_64.whl", hash = "sha256:93c20777a72cae8620203ac11c4010365706062aa13aaedd1a21bb07adbb9d5d"},
    {file = "regex-2022.1.18-cp39-cp39-macosx_11_0_arm64.whl", hash = "sha256:6aa427c55a0abec450bca10b64446331b5ca8f79b648531138f357569705bc4a"},
    {file = "regex-2022.1.18-cp39-cp39-manylinux_2_17_aarch64.manylinux2014_aarch64.whl", hash = "sha256:c38baee6bdb7fe1b110b6b3aaa555e6e872d322206b7245aa39572d3fc991ee4"},
    {file = "regex-2022.1.18-cp39-cp39-manylinux_2_17_ppc64le.manylinux2014_ppc64le.whl", hash = "sha256:752e7ddfb743344d447367baa85bccd3629c2c3940f70506eb5f01abce98ee68"},
    {file = "regex-2022.1.18-cp39-cp39-manylinux_2_17_s390x.manylinux2014_s390x.whl", hash = "sha256:8acef4d8a4353f6678fd1035422a937c2170de58a2b29f7da045d5249e934101"},
    {file = "regex-2022.1.18-cp39-cp39-manylinux_2_17_x86_64.manylinux2014_x86_64.whl", hash = "sha256:c73d2166e4b210b73d1429c4f1ca97cea9cc090e5302df2a7a0a96ce55373f1c"},
    {file = "regex-2022.1.18-cp39-cp39-manylinux_2_5_i686.manylinux1_i686.manylinux_2_17_i686.manylinux2014_i686.whl", hash = "sha256:24c89346734a4e4d60ecf9b27cac4c1fee3431a413f7aa00be7c4d7bbacc2c4d"},
    {file = "regex-2022.1.18-cp39-cp39-manylinux_2_5_x86_64.manylinux1_x86_64.manylinux_2_12_x86_64.manylinux2010_x86_64.whl", hash = "sha256:596f5ae2eeddb79b595583c2e0285312b2783b0ec759930c272dbf02f851ff75"},
    {file = "regex-2022.1.18-cp39-cp39-musllinux_1_1_aarch64.whl", hash = "sha256:ecfe51abf7f045e0b9cdde71ca9e153d11238679ef7b5da6c82093874adf3338"},
    {file = "regex-2022.1.18-cp39-cp39-musllinux_1_1_i686.whl", hash = "sha256:1d6301f5288e9bdca65fab3de6b7de17362c5016d6bf8ee4ba4cbe833b2eda0f"},
    {file = "regex-2022.1.18-cp39-cp39-musllinux_1_1_ppc64le.whl", hash = "sha256:93cce7d422a0093cfb3606beae38a8e47a25232eea0f292c878af580a9dc7605"},
    {file = "regex-2022.1.18-cp39-cp39-musllinux_1_1_s390x.whl", hash = "sha256:cf0db26a1f76aa6b3aa314a74b8facd586b7a5457d05b64f8082a62c9c49582a"},
    {file = "regex-2022.1.18-cp39-cp39-musllinux_1_1_x86_64.whl", hash = "sha256:defa0652696ff0ba48c8aff5a1fac1eef1ca6ac9c660b047fc8e7623c4eb5093"},
    {file = "regex-2022.1.18-cp39-cp39-win32.whl", hash = "sha256:6db1b52c6f2c04fafc8da17ea506608e6be7086715dab498570c3e55e4f8fbd1"},
    {file = "regex-2022.1.18-cp39-cp39-win_amd64.whl", hash = "sha256:ebaeb93f90c0903233b11ce913a7cb8f6ee069158406e056f884854c737d2442"},
    {file = "regex-2022.1.18.tar.gz", hash = "sha256:97f32dc03a8054a4c4a5ab5d761ed4861e828b2c200febd4e46857069a483916"},
]
scikit-learn = [
    {file = "scikit-learn-1.0.2.tar.gz", hash = "sha256:b5870959a5484b614f26d31ca4c17524b1b0317522199dc985c3b4256e030767"},
    {file = "scikit_learn-1.0.2-cp310-cp310-macosx_10_13_x86_64.whl", hash = "sha256:da3c84694ff693b5b3194d8752ccf935a665b8b5edc33a283122f4273ca3e687"},
    {file = "scikit_learn-1.0.2-cp310-cp310-macosx_12_0_arm64.whl", hash = "sha256:75307d9ea39236cad7eea87143155eea24d48f93f3a2f9389c817f7019f00705"},
    {file = "scikit_learn-1.0.2-cp310-cp310-manylinux_2_17_aarch64.manylinux2014_aarch64.whl", hash = "sha256:f14517e174bd7332f1cca2c959e704696a5e0ba246eb8763e6c24876d8710049"},
    {file = "scikit_learn-1.0.2-cp310-cp310-manylinux_2_17_x86_64.manylinux2014_x86_64.whl", hash = "sha256:d9aac97e57c196206179f674f09bc6bffcd0284e2ba95b7fe0b402ac3f986023"},
    {file = "scikit_learn-1.0.2-cp310-cp310-win_amd64.whl", hash = "sha256:d93d4c28370aea8a7cbf6015e8a669cd5d69f856cc2aa44e7a590fb805bb5583"},
    {file = "scikit_learn-1.0.2-cp37-cp37m-macosx_10_13_x86_64.whl", hash = "sha256:85260fb430b795d806251dd3bb05e6f48cdc777ac31f2bcf2bc8bbed3270a8f5"},
    {file = "scikit_learn-1.0.2-cp37-cp37m-manylinux_2_12_i686.manylinux2010_i686.whl", hash = "sha256:a053a6a527c87c5c4fa7bf1ab2556fa16d8345cf99b6c5a19030a4a7cd8fd2c0"},
    {file = "scikit_learn-1.0.2-cp37-cp37m-manylinux_2_12_x86_64.manylinux2010_x86_64.whl", hash = "sha256:245c9b5a67445f6f044411e16a93a554edc1efdcce94d3fc0bc6a4b9ac30b752"},
    {file = "scikit_learn-1.0.2-cp37-cp37m-manylinux_2_17_aarch64.manylinux2014_aarch64.whl", hash = "sha256:158faf30684c92a78e12da19c73feff9641a928a8024b4fa5ec11d583f3d8a87"},
    {file = "scikit_learn-1.0.2-cp37-cp37m-manylinux_2_17_i686.manylinux2014_i686.whl", hash = "sha256:08ef968f6b72033c16c479c966bf37ccd49b06ea91b765e1cc27afefe723920b"},
    {file = "scikit_learn-1.0.2-cp37-cp37m-manylinux_2_17_x86_64.manylinux2014_x86_64.whl", hash = "sha256:16455ace947d8d9e5391435c2977178d0ff03a261571e67f627c8fee0f9d431a"},
    {file = "scikit_learn-1.0.2-cp37-cp37m-win32.whl", hash = "sha256:2f3b453e0b149898577e301d27e098dfe1a36943f7bb0ad704d1e548efc3b448"},
    {file = "scikit_learn-1.0.2-cp37-cp37m-win_amd64.whl", hash = "sha256:46f431ec59dead665e1370314dbebc99ead05e1c0a9df42f22d6a0e00044820f"},
    {file = "scikit_learn-1.0.2-cp38-cp38-macosx_10_13_x86_64.whl", hash = "sha256:ff3fa8ea0e09e38677762afc6e14cad77b5e125b0ea70c9bba1992f02c93b028"},
    {file = "scikit_learn-1.0.2-cp38-cp38-macosx_12_0_arm64.whl", hash = "sha256:9369b030e155f8188743eb4893ac17a27f81d28a884af460870c7c072f114243"},
    {file = "scikit_learn-1.0.2-cp38-cp38-manylinux_2_12_i686.manylinux2010_i686.whl", hash = "sha256:7d6b2475f1c23a698b48515217eb26b45a6598c7b1840ba23b3c5acece658dbb"},
    {file = "scikit_learn-1.0.2-cp38-cp38-manylinux_2_12_x86_64.manylinux2010_x86_64.whl", hash = "sha256:285db0352e635b9e3392b0b426bc48c3b485512d3b4ac3c7a44ec2a2ba061e66"},
    {file = "scikit_learn-1.0.2-cp38-cp38-manylinux_2_17_aarch64.manylinux2014_aarch64.whl", hash = "sha256:5cb33fe1dc6f73dc19e67b264dbb5dde2a0539b986435fdd78ed978c14654830"},
    {file = "scikit_learn-1.0.2-cp38-cp38-manylinux_2_17_i686.manylinux2014_i686.whl", hash = "sha256:b1391d1a6e2268485a63c3073111fe3ba6ec5145fc957481cfd0652be571226d"},
    {file = "scikit_learn-1.0.2-cp38-cp38-manylinux_2_17_x86_64.manylinux2014_x86_64.whl", hash = "sha256:bc3744dabc56b50bec73624aeca02e0def06b03cb287de26836e730659c5d29c"},
    {file = "scikit_learn-1.0.2-cp38-cp38-win32.whl", hash = "sha256:a999c9f02ff9570c783069f1074f06fe7386ec65b84c983db5aeb8144356a355"},
    {file = "scikit_learn-1.0.2-cp38-cp38-win_amd64.whl", hash = "sha256:7626a34eabbf370a638f32d1a3ad50526844ba58d63e3ab81ba91e2a7c6d037e"},
    {file = "scikit_learn-1.0.2-cp39-cp39-macosx_10_13_x86_64.whl", hash = "sha256:a90b60048f9ffdd962d2ad2fb16367a87ac34d76e02550968719eb7b5716fd10"},
    {file = "scikit_learn-1.0.2-cp39-cp39-macosx_12_0_arm64.whl", hash = "sha256:7a93c1292799620df90348800d5ac06f3794c1316ca247525fa31169f6d25855"},
    {file = "scikit_learn-1.0.2-cp39-cp39-manylinux_2_12_i686.manylinux2010_i686.whl", hash = "sha256:eabceab574f471de0b0eb3f2ecf2eee9f10b3106570481d007ed1c84ebf6d6a1"},
    {file = "scikit_learn-1.0.2-cp39-cp39-manylinux_2_12_x86_64.manylinux2010_x86_64.whl", hash = "sha256:55f2f3a8414e14fbee03782f9fe16cca0f141d639d2b1c1a36779fa069e1db57"},
    {file = "scikit_learn-1.0.2-cp39-cp39-manylinux_2_17_aarch64.manylinux2014_aarch64.whl", hash = "sha256:80095a1e4b93bd33261ef03b9bc86d6db649f988ea4dbcf7110d0cded8d7213d"},
    {file = "scikit_learn-1.0.2-cp39-cp39-manylinux_2_17_i686.manylinux2014_i686.whl", hash = "sha256:fa38a1b9b38ae1fad2863eff5e0d69608567453fdfc850c992e6e47eb764e846"},
    {file = "scikit_learn-1.0.2-cp39-cp39-manylinux_2_17_x86_64.manylinux2014_x86_64.whl", hash = "sha256:ff746a69ff2ef25f62b36338c615dd15954ddc3ab8e73530237dd73235e76d62"},
    {file = "scikit_learn-1.0.2-cp39-cp39-win32.whl", hash = "sha256:e174242caecb11e4abf169342641778f68e1bfaba80cd18acd6bc84286b9a534"},
    {file = "scikit_learn-1.0.2-cp39-cp39-win_amd64.whl", hash = "sha256:b54a62c6e318ddbfa7d22c383466d38d2ee770ebdb5ddb668d56a099f6eaf75f"},
]
scikit-surprise = [
    {file = "scikit-surprise-1.1.1.tar.gz", hash = "sha256:269ce1f74fd4639e66566b733ea211b05611c257e8a691471a0fbd7d9a7987b7"},
]
scipy = [
    {file = "scipy-1.6.1-cp37-cp37m-macosx_10_9_x86_64.whl", hash = "sha256:a15a1f3fc0abff33e792d6049161b7795909b40b97c6cc2934ed54384017ab76"},
    {file = "scipy-1.6.1-cp37-cp37m-manylinux1_i686.whl", hash = "sha256:e79570979ccdc3d165456dd62041d9556fb9733b86b4b6d818af7a0afc15f092"},
    {file = "scipy-1.6.1-cp37-cp37m-manylinux1_x86_64.whl", hash = "sha256:a423533c55fec61456dedee7b6ee7dce0bb6bfa395424ea374d25afa262be261"},
    {file = "scipy-1.6.1-cp37-cp37m-manylinux2014_aarch64.whl", hash = "sha256:33d6b7df40d197bdd3049d64e8e680227151673465e5d85723b3b8f6b15a6ced"},
    {file = "scipy-1.6.1-cp37-cp37m-win32.whl", hash = "sha256:6725e3fbb47da428794f243864f2297462e9ee448297c93ed1dcbc44335feb78"},
    {file = "scipy-1.6.1-cp37-cp37m-win_amd64.whl", hash = "sha256:5fa9c6530b1661f1370bcd332a1e62ca7881785cc0f80c0d559b636567fab63c"},
    {file = "scipy-1.6.1-cp38-cp38-macosx_10_9_x86_64.whl", hash = "sha256:bd50daf727f7c195e26f27467c85ce653d41df4358a25b32434a50d8870fc519"},
    {file = "scipy-1.6.1-cp38-cp38-manylinux1_i686.whl", hash = "sha256:f46dd15335e8a320b0fb4685f58b7471702234cba8bb3442b69a3e1dc329c345"},
    {file = "scipy-1.6.1-cp38-cp38-manylinux1_x86_64.whl", hash = "sha256:0e5b0ccf63155d90da576edd2768b66fb276446c371b73841e3503be1d63fb5d"},
    {file = "scipy-1.6.1-cp38-cp38-manylinux2014_aarch64.whl", hash = "sha256:2481efbb3740977e3c831edfd0bd9867be26387cacf24eb5e366a6a374d3d00d"},
    {file = "scipy-1.6.1-cp38-cp38-win32.whl", hash = "sha256:68cb4c424112cd4be886b4d979c5497fba190714085f46b8ae67a5e4416c32b4"},
    {file = "scipy-1.6.1-cp38-cp38-win_amd64.whl", hash = "sha256:5f331eeed0297232d2e6eea51b54e8278ed8bb10b099f69c44e2558c090d06bf"},
    {file = "scipy-1.6.1-cp39-cp39-macosx_10_9_x86_64.whl", hash = "sha256:0c8a51d33556bf70367452d4d601d1742c0e806cd0194785914daf19775f0e67"},
    {file = "scipy-1.6.1-cp39-cp39-manylinux1_i686.whl", hash = "sha256:83bf7c16245c15bc58ee76c5418e46ea1811edcc2e2b03041b804e46084ab627"},
    {file = "scipy-1.6.1-cp39-cp39-manylinux1_x86_64.whl", hash = "sha256:794e768cc5f779736593046c9714e0f3a5940bc6dcc1dba885ad64cbfb28e9f0"},
    {file = "scipy-1.6.1-cp39-cp39-manylinux2014_aarch64.whl", hash = "sha256:5da5471aed911fe7e52b86bf9ea32fb55ae93e2f0fac66c32e58897cfb02fa07"},
    {file = "scipy-1.6.1-cp39-cp39-win32.whl", hash = "sha256:8e403a337749ed40af60e537cc4d4c03febddcc56cd26e774c9b1b600a70d3e4"},
    {file = "scipy-1.6.1-cp39-cp39-win_amd64.whl", hash = "sha256:a5193a098ae9f29af283dcf0041f762601faf2e595c0db1da929875b7570353f"},
    {file = "scipy-1.6.1.tar.gz", hash = "sha256:c4fceb864890b6168e79b0e714c585dbe2fd4222768ee90bc1aa0f8218691b11"},
]
six = [
    {file = "six-1.16.0-py2.py3-none-any.whl", hash = "sha256:8abb2f1d86890a2dfb989f9a77cfcfd3e47c2a354b01111771326f8aa26e0254"},
    {file = "six-1.16.0.tar.gz", hash = "sha256:1e61c37477a1626458e36f7b1d82aa5c9b094fa4802892072e49de9c60c4c926"},
]
sklearn = [
    {file = "sklearn-0.0.tar.gz", hash = "sha256:e23001573aa194b834122d2b9562459bf5ae494a2d59ca6b8aa22c85a44c0e31"},
]
threadpoolctl = [
    {file = "threadpoolctl-3.1.0-py3-none-any.whl", hash = "sha256:8b99adda265feb6773280df41eece7b2e6561b772d21ffd52e372f999024907b"},
    {file = "threadpoolctl-3.1.0.tar.gz", hash = "sha256:a335baacfaa4400ae1f0d8e3a58d6674d2f8828e3716bb2802c44955ad391380"},
]
tqdm = [
    {file = "tqdm-4.62.3-py2.py3-none-any.whl", hash = "sha256:8dd278a422499cd6b727e6ae4061c40b48fce8b76d1ccbf5d34fca9b7f925b0c"},
    {file = "tqdm-4.62.3.tar.gz", hash = "sha256:d359de7217506c9851b7869f3708d8ee53ed70a1b8edbba4dbcb47442592920d"},
]
typing-extensions = [
    {file = "typing_extensions-4.0.1-py3-none-any.whl", hash = "sha256:7f001e5ac290a0c0401508864c7ec868be4e701886d5b573a9528ed3973d9d3b"},
    {file = "typing_extensions-4.0.1.tar.gz", hash = "sha256:4ca091dea149f945ec56afb48dae714f21e8692ef22a395223bcd328961b6a0e"},
]
zipp = [
    {file = "zipp-3.7.0-py3-none-any.whl", hash = "sha256:b47250dd24f92b7dd6a0a8fc5244da14608f3ca90a5efcd37a3b1642fac9a375"},
    {file = "zipp-3.7.0.tar.gz", hash = "sha256:9f50f446828eb9d45b267433fd3e9da8d801f614129124863f9c51ebceafb87d"},
]
